
Microsoft Visual Studio Solution File, Format Version 12.00
# Visual Studio Version 17
VisualStudioVersion = 17.0.32014.148
MinimumVisualStudioVersion = 10.0.40219.1
Project("{9A19103F-16F7-4668-BE54-9A1E7A4F7556}") = "GradientDotNet", "GradientDotNet\GradientDotNet.csproj", "{D6BFF1C6-22CD-4422-976D-C15B8EE92816}"
EndProject
Project("{FAE04EC0-301F-11D3-BF4B-00C04F79EFBC}") = "GradientDotNet.Debug", "GradientDotNet.Debug\GradientDotNet.Debug.csproj", "{95584C7F-4184-48A2-B2DA-C8AB1DC52E17}"
EndProject
Global
	GlobalSection(SolutionConfigurationPlatforms) = preSolution
		Debug|Any CPU = Debug|Any CPU
		Release|Any CPU = Release|Any CPU
	EndGlobalSection
	GlobalSection(ProjectConfigurationPlatforms) = postSolution
		{D6BFF1C6-22CD-4422-976D-C15B8EE92816}.Debug|Any CPU.ActiveCfg = Debug|Any CPU
		{D6BFF1C6-22CD-4422-976D-C15B8EE92816}.Debug|Any CPU.Build.0 = Debug|Any CPU
		{D6BFF1C6-22CD-4422-976D-C15B8EE92816}.Release|Any CPU.ActiveCfg = Release|Any CPU
		{D6BFF1C6-22CD-4422-976D-C15B8EE92816}.Release|Any CPU.Build.0 = Release|Any CPU
		{95584C7F-4184-48A2-B2DA-C8AB1DC52E17}.Debug|Any CPU.ActiveCfg = Debug|Any CPU
		{95584C7F-4184-48A2-B2DA-C8AB1DC52E17}.Debug|Any CPU.Build.0 = Debug|Any CPU
		{95584C7F-4184-48A2-B2DA-C8AB1DC52E17}.Release|Any CPU.ActiveCfg = Release|Any CPU
		{95584C7F-4184-48A2-B2DA-C8AB1DC52E17}.Release|Any CPU.Build.0 = Release|Any CPU
	EndGlobalSection
	GlobalSection(SolutionProperties) = preSolution
		HideSolutionNode = FALSE
	EndGlobalSection
	GlobalSection(ExtensibilityGlobals) = postSolution
		SolutionGuid = {700D0FCE-5674-41B6-AEA8-3738218B8A31}
	EndGlobalSection
EndGlobal
